// !$*UTF8*$!
{
	archiveVersion = 1;
	classes = {
	};
	objectVersion = 56;
	objects = {

/* Begin PBXBuildFile section */
		2A215E9F2B6933D3005B9212 /* GoogleService-Info-Dev.plist in Resources */ = {isa = PBXBuildFile; fileRef = 2A215E9E2B6933D3005B9212 /* GoogleService-Info-Dev.plist */; };
		2A215EA12B695872005B9212 /* SettingsViewController.swift in Sources */ = {isa = PBXBuildFile; fileRef = 2A215EA02B695872005B9212 /* SettingsViewController.swift */; };
		2A215EA42B695A94005B9212 /* SettingsTableViewCell.swift in Sources */ = {isa = PBXBuildFile; fileRef = 2A215EA22B695A94005B9212 /* SettingsTableViewCell.swift */; };
		2A215EA52B695A94005B9212 /* SettingsTableViewCell.xib in Resources */ = {isa = PBXBuildFile; fileRef = 2A215EA32B695A94005B9212 /* SettingsTableViewCell.xib */; };
		2A215EA82B695FFB005B9212 /* WebViewController.swift in Sources */ = {isa = PBXBuildFile; fileRef = 2A215EA72B695FFB005B9212 /* WebViewController.swift */; };
		2A215EAA2B6A4ED9005B9212 /* OnboardingViewController.swift in Sources */ = {isa = PBXBuildFile; fileRef = 2A215EA92B6A4ED9005B9212 /* OnboardingViewController.swift */; };
		2A215EAF2B6A87B5005B9212 /* OnboardingCollectionViewCell.xib in Resources */ = {isa = PBXBuildFile; fileRef = 2A215EAD2B6A87B5005B9212 /* OnboardingCollectionViewCell.xib */; };
		2A215EB02B6A87B5005B9212 /* OnboardingCollectionViewCell.swift in Sources */ = {isa = PBXBuildFile; fileRef = 2A215EAE2B6A87B5005B9212 /* OnboardingCollectionViewCell.swift */; };
		2A27462F2B617165007D5831 /* GoogleService-Info.plist in Resources */ = {isa = PBXBuildFile; fileRef = 2A27462E2B617165007D5831 /* GoogleService-Info.plist */; };
		2A2746322B6171A4007D5831 /* FirebaseAnalyticsWithoutAdIdSupport in Frameworks */ = {isa = PBXBuildFile; productRef = 2A2746312B6171A4007D5831 /* FirebaseAnalyticsWithoutAdIdSupport */; };
		2A2746382B6171A5007D5831 /* FirebaseAuth in Frameworks */ = {isa = PBXBuildFile; productRef = 2A2746372B6171A5007D5831 /* FirebaseAuth */; };
		2A27463B2B62A08E007D5831 /* SnapKit in Frameworks */ = {isa = PBXBuildFile; productRef = 2A27463A2B62A08E007D5831 /* SnapKit */; };
		2A27463D2B62B781007D5831 /* ConfigManager.swift in Sources */ = {isa = PBXBuildFile; fileRef = 2A27463C2B62B781007D5831 /* ConfigManager.swift */; };
		2A354E142A7FC8170014F173 /* AVAsset+.swift in Sources */ = {isa = PBXBuildFile; fileRef = 2A354E132A7FC8170014F173 /* AVAsset+.swift */; };
		2A354E172A7FD2110014F173 /* AudioManager.swift in Sources */ = {isa = PBXBuildFile; fileRef = 2A354E162A7FD2110014F173 /* AudioManager.swift */; };
		2A354E192A8002790014F173 /* UITextField+.swift in Sources */ = {isa = PBXBuildFile; fileRef = 2A354E182A8002790014F173 /* UITextField+.swift */; };
		2A354E1C2A8007420014F173 /* AudioFormat.swift in Sources */ = {isa = PBXBuildFile; fileRef = 2A354E1B2A8007420014F173 /* AudioFormat.swift */; };
		2A53DB582A8112C7004BCA79 /* UIImage+.swift in Sources */ = {isa = PBXBuildFile; fileRef = 2A53DB572A8112C7004BCA79 /* UIImage+.swift */; };
		2A53DB5B2A829CD5004BCA79 /* AudioKit in Frameworks */ = {isa = PBXBuildFile; productRef = 2A53DB5A2A829CD5004BCA79 /* AudioKit */; };
		2A53DB812A82C445004BCA79 /* SwiftDate in Frameworks */ = {isa = PBXBuildFile; productRef = 2A53DB802A82C445004BCA79 /* SwiftDate */; };
		2A53DB832A82C4BA004BCA79 /* DateManager.swift in Sources */ = {isa = PBXBuildFile; fileRef = 2A53DB822A82C4BA004BCA79 /* DateManager.swift */; };
		2A7BD12C2B62B9B400EC72A8 /* FirebaseRemoteConfig in Frameworks */ = {isa = PBXBuildFile; productRef = 2A7BD12B2B62B9B400EC72A8 /* FirebaseRemoteConfig */; };
		2A7BD12E2B62C1F400EC72A8 /* UIViewController+.swift in Sources */ = {isa = PBXBuildFile; fileRef = 2A7BD12D2B62C1F400EC72A8 /* UIViewController+.swift */; };
		2A7BD1302B62DB7500EC72A8 /* LoadingIndicatorView.swift in Sources */ = {isa = PBXBuildFile; fileRef = 2A7BD12F2B62DB7500EC72A8 /* LoadingIndicatorView.swift */; };
		2A7BD1332B62DBBF00EC72A8 /* ColorManager.swift in Sources */ = {isa = PBXBuildFile; fileRef = 2A7BD1322B62DBBF00EC72A8 /* ColorManager.swift */; };
		2A7BD1352B62E13D00EC72A8 /* HapticManager.swift in Sources */ = {isa = PBXBuildFile; fileRef = 2A7BD1342B62E13D00EC72A8 /* HapticManager.swift */; };
		2AA101D72A7EAA9F00A88152 /* VideoToAudioViewController.swift in Sources */ = {isa = PBXBuildFile; fileRef = 2AA101D62A7EAA9F00A88152 /* VideoToAudioViewController.swift */; };
		2AB29B3C2A7E6C6900EC52B2 /* AppDelegate.swift in Sources */ = {isa = PBXBuildFile; fileRef = 2AB29B3B2A7E6C6900EC52B2 /* AppDelegate.swift */; };
		2AB29B3E2A7E6C6900EC52B2 /* SceneDelegate.swift in Sources */ = {isa = PBXBuildFile; fileRef = 2AB29B3D2A7E6C6900EC52B2 /* SceneDelegate.swift */; };
		2AB29B402A7E6C6900EC52B2 /* MainViewController.swift in Sources */ = {isa = PBXBuildFile; fileRef = 2AB29B3F2A7E6C6900EC52B2 /* MainViewController.swift */; };
		2AB29B432A7E6C6900EC52B2 /* Main.storyboard in Resources */ = {isa = PBXBuildFile; fileRef = 2AB29B412A7E6C6900EC52B2 /* Main.storyboard */; };
		2AB29B452A7E6C6B00EC52B2 /* Assets.xcassets in Resources */ = {isa = PBXBuildFile; fileRef = 2AB29B442A7E6C6B00EC52B2 /* Assets.xcassets */; };
		2AB29B482A7E6C6B00EC52B2 /* LaunchScreen.storyboard in Resources */ = {isa = PBXBuildFile; fileRef = 2AB29B462A7E6C6B00EC52B2 /* LaunchScreen.storyboard */; };
		2AC5E9DC2B582BF100A029F3 /* RxCocoa in Frameworks */ = {isa = PBXBuildFile; productRef = 2AC5E9DB2B582BF100A029F3 /* RxCocoa */; };
		2AC5E9DE2B582BF100A029F3 /* RxSwift in Frameworks */ = {isa = PBXBuildFile; productRef = 2AC5E9DD2B582BF100A029F3 /* RxSwift */; };
		2AC5E9E12B582C1800A029F3 /* RxKeyboard in Frameworks */ = {isa = PBXBuildFile; productRef = 2AC5E9E02B582C1800A029F3 /* RxKeyboard */; };
		2AC5E9E42B582C3100A029F3 /* RxGesture in Frameworks */ = {isa = PBXBuildFile; productRef = 2AC5E9E32B582C3100A029F3 /* RxGesture */; };
		2ACCC3E02AB87A49009FAB7A /* VideoToGifViewController.swift in Sources */ = {isa = PBXBuildFile; fileRef = 2ACCC3DF2AB87A49009FAB7A /* VideoToGifViewController.swift */; };
/* End PBXBuildFile section */

/* Begin PBXFileReference section */
		2A215E9E2B6933D3005B9212 /* GoogleService-Info-Dev.plist */ = {isa = PBXFileReference; fileEncoding = 4; lastKnownFileType = text.plist.xml; path = "GoogleService-Info-Dev.plist"; sourceTree = "<group>"; };
		2A215EA02B695872005B9212 /* SettingsViewController.swift */ = {isa = PBXFileReference; lastKnownFileType = sourcecode.swift; path = SettingsViewController.swift; sourceTree = "<group>"; };
		2A215EA22B695A94005B9212 /* SettingsTableViewCell.swift */ = {isa = PBXFileReference; fileEncoding = 4; lastKnownFileType = sourcecode.swift; path = SettingsTableViewCell.swift; sourceTree = "<group>"; };
		2A215EA32B695A94005B9212 /* SettingsTableViewCell.xib */ = {isa = PBXFileReference; fileEncoding = 4; lastKnownFileType = file.xib; path = SettingsTableViewCell.xib; sourceTree = "<group>"; };
		2A215EA72B695FFB005B9212 /* WebViewController.swift */ = {isa = PBXFileReference; lastKnownFileType = sourcecode.swift; path = WebViewController.swift; sourceTree = "<group>"; };
		2A215EA92B6A4ED9005B9212 /* OnboardingViewController.swift */ = {isa = PBXFileReference; lastKnownFileType = sourcecode.swift; path = OnboardingViewController.swift; sourceTree = "<group>"; };
		2A215EAD2B6A87B5005B9212 /* OnboardingCollectionViewCell.xib */ = {isa = PBXFileReference; fileEncoding = 4; lastKnownFileType = file.xib; path = OnboardingCollectionViewCell.xib; sourceTree = "<group>"; };
		2A215EAE2B6A87B5005B9212 /* OnboardingCollectionViewCell.swift */ = {isa = PBXFileReference; fileEncoding = 4; lastKnownFileType = sourcecode.swift; path = OnboardingCollectionViewCell.swift; sourceTree = "<group>"; };
		2A27462E2B617165007D5831 /* GoogleService-Info.plist */ = {isa = PBXFileReference; fileEncoding = 4; lastKnownFileType = text.plist.xml; path = "GoogleService-Info.plist"; sourceTree = "<group>"; };
		2A27463C2B62B781007D5831 /* ConfigManager.swift */ = {isa = PBXFileReference; lastKnownFileType = sourcecode.swift; path = ConfigManager.swift; sourceTree = "<group>"; };
		2A354E132A7FC8170014F173 /* AVAsset+.swift */ = {isa = PBXFileReference; lastKnownFileType = sourcecode.swift; path = "AVAsset+.swift"; sourceTree = "<group>"; };
		2A354E162A7FD2110014F173 /* AudioManager.swift */ = {isa = PBXFileReference; lastKnownFileType = sourcecode.swift; path = AudioManager.swift; sourceTree = "<group>"; };
		2A354E182A8002790014F173 /* UITextField+.swift */ = {isa = PBXFileReference; lastKnownFileType = sourcecode.swift; path = "UITextField+.swift"; sourceTree = "<group>"; };
		2A354E1B2A8007420014F173 /* AudioFormat.swift */ = {isa = PBXFileReference; lastKnownFileType = sourcecode.swift; path = AudioFormat.swift; sourceTree = "<group>"; };
		2A53DB572A8112C7004BCA79 /* UIImage+.swift */ = {isa = PBXFileReference; lastKnownFileType = sourcecode.swift; path = "UIImage+.swift"; sourceTree = "<group>"; };
		2A53DB822A82C4BA004BCA79 /* DateManager.swift */ = {isa = PBXFileReference; lastKnownFileType = sourcecode.swift; path = DateManager.swift; sourceTree = "<group>"; };
		2A7BD12D2B62C1F400EC72A8 /* UIViewController+.swift */ = {isa = PBXFileReference; lastKnownFileType = sourcecode.swift; path = "UIViewController+.swift"; sourceTree = "<group>"; };
		2A7BD12F2B62DB7500EC72A8 /* LoadingIndicatorView.swift */ = {isa = PBXFileReference; fileEncoding = 4; lastKnownFileType = sourcecode.swift; path = LoadingIndicatorView.swift; sourceTree = "<group>"; };
		2A7BD1322B62DBBF00EC72A8 /* ColorManager.swift */ = {isa = PBXFileReference; lastKnownFileType = sourcecode.swift; path = ColorManager.swift; sourceTree = "<group>"; };
		2A7BD1342B62E13D00EC72A8 /* HapticManager.swift */ = {isa = PBXFileReference; fileEncoding = 4; lastKnownFileType = sourcecode.swift; path = HapticManager.swift; sourceTree = "<group>"; };
		2AA101D62A7EAA9F00A88152 /* VideoToAudioViewController.swift */ = {isa = PBXFileReference; lastKnownFileType = sourcecode.swift; path = VideoToAudioViewController.swift; sourceTree = "<group>"; };
		2AB29B382A7E6C6900EC52B2 /* Soundify.app */ = {isa = PBXFileReference; explicitFileType = wrapper.application; includeInIndex = 0; path = Soundify.app; sourceTree = BUILT_PRODUCTS_DIR; };
		2AB29B3B2A7E6C6900EC52B2 /* AppDelegate.swift */ = {isa = PBXFileReference; lastKnownFileType = sourcecode.swift; path = AppDelegate.swift; sourceTree = "<group>"; };
		2AB29B3D2A7E6C6900EC52B2 /* SceneDelegate.swift */ = {isa = PBXFileReference; lastKnownFileType = sourcecode.swift; path = SceneDelegate.swift; sourceTree = "<group>"; };
		2AB29B3F2A7E6C6900EC52B2 /* MainViewController.swift */ = {isa = PBXFileReference; lastKnownFileType = sourcecode.swift; path = MainViewController.swift; sourceTree = "<group>"; };
		2AB29B422A7E6C6900EC52B2 /* Base */ = {isa = PBXFileReference; lastKnownFileType = file.storyboard; name = Base; path = Base.lproj/Main.storyboard; sourceTree = "<group>"; };
		2AB29B442A7E6C6B00EC52B2 /* Assets.xcassets */ = {isa = PBXFileReference; lastKnownFileType = folder.assetcatalog; path = Assets.xcassets; sourceTree = "<group>"; };
		2AB29B472A7E6C6B00EC52B2 /* Base */ = {isa = PBXFileReference; lastKnownFileType = file.storyboard; name = Base; path = Base.lproj/LaunchScreen.storyboard; sourceTree = "<group>"; };
		2AB29B492A7E6C6B00EC52B2 /* Info.plist */ = {isa = PBXFileReference; lastKnownFileType = text.plist.xml; path = Info.plist; sourceTree = "<group>"; };
		2AC5E9E52B582CA400A029F3 /* en */ = {isa = PBXFileReference; lastKnownFileType = text.plist.strings; name = en; path = en.lproj/Main.strings; sourceTree = "<group>"; };
		2AC5E9E62B582CA400A029F3 /* en */ = {isa = PBXFileReference; lastKnownFileType = text.plist.strings; name = en; path = en.lproj/LaunchScreen.strings; sourceTree = "<group>"; };
		2ACCC3DF2AB87A49009FAB7A /* VideoToGifViewController.swift */ = {isa = PBXFileReference; lastKnownFileType = sourcecode.swift; path = VideoToGifViewController.swift; sourceTree = "<group>"; };
/* End PBXFileReference section */

/* Begin PBXFrameworksBuildPhase section */
		2AB29B352A7E6C6900EC52B2 /* Frameworks */ = {
			isa = PBXFrameworksBuildPhase;
			buildActionMask = 2147483647;
			files = (
				2A2746382B6171A5007D5831 /* FirebaseAuth in Frameworks */,
				2AC5E9DE2B582BF100A029F3 /* RxSwift in Frameworks */,
				2A7BD12C2B62B9B400EC72A8 /* FirebaseRemoteConfig in Frameworks */,
				2A53DB812A82C445004BCA79 /* SwiftDate in Frameworks */,
				2AC5E9DC2B582BF100A029F3 /* RxCocoa in Frameworks */,
				2A53DB5B2A829CD5004BCA79 /* AudioKit in Frameworks */,
				2A2746322B6171A4007D5831 /* FirebaseAnalyticsWithoutAdIdSupport in Frameworks */,
				2AC5E9E42B582C3100A029F3 /* RxGesture in Frameworks */,
				2AC5E9E12B582C1800A029F3 /* RxKeyboard in Frameworks */,
				2A27463B2B62A08E007D5831 /* SnapKit in Frameworks */,
			);
			runOnlyForDeploymentPostprocessing = 0;
		};
/* End PBXFrameworksBuildPhase section */

/* Begin PBXGroup section */
		2A215EA62B695A9E005B9212 /* SettingsVC */ = {
			isa = PBXGroup;
			children = (
				2A215EA22B695A94005B9212 /* SettingsTableViewCell.swift */,
				2A215EA32B695A94005B9212 /* SettingsTableViewCell.xib */,
			);
			path = SettingsVC;
			sourceTree = "<group>";
		};
		2A215EB12B6A87B9005B9212 /* OnboardingVC */ = {
			isa = PBXGroup;
			children = (
				2A215EAE2B6A87B5005B9212 /* OnboardingCollectionViewCell.swift */,
				2A215EAD2B6A87B5005B9212 /* OnboardingCollectionViewCell.xib */,
			);
			path = OnboardingVC;
			sourceTree = "<group>";
		};
		2A354E122A7FC7E30014F173 /* Extentions */ = {
			isa = PBXGroup;
			children = (
				2A53DB572A8112C7004BCA79 /* UIImage+.swift */,
				2A354E132A7FC8170014F173 /* AVAsset+.swift */,
				2A354E182A8002790014F173 /* UITextField+.swift */,
				2A7BD12D2B62C1F400EC72A8 /* UIViewController+.swift */,
			);
			path = Extentions;
			sourceTree = "<group>";
		};
		2A354E152A7FD1B20014F173 /* Managers */ = {
			isa = PBXGroup;
			children = (
				2A354E162A7FD2110014F173 /* AudioManager.swift */,
				2A53DB822A82C4BA004BCA79 /* DateManager.swift */,
				2A27463C2B62B781007D5831 /* ConfigManager.swift */,
				2A7BD1322B62DBBF00EC72A8 /* ColorManager.swift */,
				2A7BD1342B62E13D00EC72A8 /* HapticManager.swift */,
			);
			path = Managers;
			sourceTree = "<group>";
		};
		2A354E1A2A8006BE0014F173 /* Enum */ = {
			isa = PBXGroup;
			children = (
				2A354E1B2A8007420014F173 /* AudioFormat.swift */,
			);
			path = Enum;
			sourceTree = "<group>";
		};
		2A7BD1312B62DB7A00EC72A8 /* Views */ = {
			isa = PBXGroup;
			children = (
				2A7BD12F2B62DB7500EC72A8 /* LoadingIndicatorView.swift */,
				2A215EB12B6A87B9005B9212 /* OnboardingVC */,
				2A215EA62B695A9E005B9212 /* SettingsVC */,
			);
			path = Views;
			sourceTree = "<group>";
		};
		2AA7083C2B61558300F77C3C /* Frameworks */ = {
			isa = PBXGroup;
			children = (
			);
			name = Frameworks;
			sourceTree = "<group>";
		};
		2AB29B2F2A7E6C6900EC52B2 = {
			isa = PBXGroup;
			children = (
				2AB29B3A2A7E6C6900EC52B2 /* Soundify */,
				2AB29B392A7E6C6900EC52B2 /* Products */,
				2AA7083C2B61558300F77C3C /* Frameworks */,
			);
			sourceTree = "<group>";
		};
		2AB29B392A7E6C6900EC52B2 /* Products */ = {
			isa = PBXGroup;
			children = (
				2AB29B382A7E6C6900EC52B2 /* Soundify.app */,
			);
			name = Products;
			sourceTree = "<group>";
		};
		2AB29B3A2A7E6C6900EC52B2 /* Soundify */ = {
			isa = PBXGroup;
			children = (
				2AB29B412A7E6C6900EC52B2 /* Main.storyboard */,
				2AB29B3B2A7E6C6900EC52B2 /* AppDelegate.swift */,
				2AB29B3D2A7E6C6900EC52B2 /* SceneDelegate.swift */,
				2AB29B512A7EA65100EC52B2 /* Controllers */,
				2A7BD1312B62DB7A00EC72A8 /* Views */,
				2A354E152A7FD1B20014F173 /* Managers */,
				2A354E122A7FC7E30014F173 /* Extentions */,
				2A354E1A2A8006BE0014F173 /* Enum */,
				2AB29B442A7E6C6B00EC52B2 /* Assets.xcassets */,
				2AB29B462A7E6C6B00EC52B2 /* LaunchScreen.storyboard */,
				2AB29B492A7E6C6B00EC52B2 /* Info.plist */,
				2A27462E2B617165007D5831 /* GoogleService-Info.plist */,
				2A215E9E2B6933D3005B9212 /* GoogleService-Info-Dev.plist */,
			);
			path = Soundify;
			sourceTree = "<group>";
		};
		2AB29B512A7EA65100EC52B2 /* Controllers */ = {
			isa = PBXGroup;
			children = (
				2A215EA92B6A4ED9005B9212 /* OnboardingViewController.swift */,
				2AB29B3F2A7E6C6900EC52B2 /* MainViewController.swift */,
				2AA101D62A7EAA9F00A88152 /* VideoToAudioViewController.swift */,
				2ACCC3DF2AB87A49009FAB7A /* VideoToGifViewController.swift */,
				2A215EA02B695872005B9212 /* SettingsViewController.swift */,
				2A215EA72B695FFB005B9212 /* WebViewController.swift */,
			);
			path = Controllers;
			sourceTree = "<group>";
		};
/* End PBXGroup section */

/* Begin PBXNativeTarget section */
		2AB29B372A7E6C6900EC52B2 /* Soundify */ = {
			isa = PBXNativeTarget;
			buildConfigurationList = 2AB29B4C2A7E6C6B00EC52B2 /* Build configuration list for PBXNativeTarget "Soundify" */;
			buildPhases = (
				2AB29B342A7E6C6900EC52B2 /* Sources */,
				2AB29B352A7E6C6900EC52B2 /* Frameworks */,
				2AB29B362A7E6C6900EC52B2 /* Resources */,
			);
			buildRules = (
			);
			dependencies = (
			);
			name = Soundify;
			packageProductDependencies = (
				2A53DB5A2A829CD5004BCA79 /* AudioKit */,
				2A53DB802A82C445004BCA79 /* SwiftDate */,
				2AC5E9DB2B582BF100A029F3 /* RxCocoa */,
				2AC5E9DD2B582BF100A029F3 /* RxSwift */,
				2AC5E9E02B582C1800A029F3 /* RxKeyboard */,
				2AC5E9E32B582C3100A029F3 /* RxGesture */,
				2A2746312B6171A4007D5831 /* FirebaseAnalyticsWithoutAdIdSupport */,
				2A2746372B6171A5007D5831 /* FirebaseAuth */,
				2A27463A2B62A08E007D5831 /* SnapKit */,
				2A7BD12B2B62B9B400EC72A8 /* FirebaseRemoteConfig */,
			);
			productName = Soundify;
			productReference = 2AB29B382A7E6C6900EC52B2 /* Soundify.app */;
			productType = "com.apple.product-type.application";
		};
/* End PBXNativeTarget section */

/* Begin PBXProject section */
		2AB29B302A7E6C6900EC52B2 /* Project object */ = {
			isa = PBXProject;
			attributes = {
				BuildIndependentTargetsInParallel = 1;
				LastSwiftUpdateCheck = 1430;
				LastUpgradeCheck = 1430;
				TargetAttributes = {
					2AB29B372A7E6C6900EC52B2 = {
						CreatedOnToolsVersion = 14.3.1;
					};
				};
			};
			buildConfigurationList = 2AB29B332A7E6C6900EC52B2 /* Build configuration list for PBXProject "Soundify" */;
			compatibilityVersion = "Xcode 14.0";
			developmentRegion = en;
			hasScannedForEncodings = 0;
			knownRegions = (
				en,
				Base,
				ko,
			);
			mainGroup = 2AB29B2F2A7E6C6900EC52B2;
			packageReferences = (
				2A53DB592A829CD5004BCA79 /* XCRemoteSwiftPackageReference "AudioKit" */,
				2A53DB7F2A82C445004BCA79 /* XCRemoteSwiftPackageReference "SwiftDate" */,
				2AC5E9D62B582BF100A029F3 /* XCRemoteSwiftPackageReference "RxSwift" */,
				2AC5E9DF2B582C1800A029F3 /* XCRemoteSwiftPackageReference "RxKeyboard" */,
				2AC5E9E22B582C3100A029F3 /* XCRemoteSwiftPackageReference "RxGesture" */,
				2A2746302B6171A4007D5831 /* XCRemoteSwiftPackageReference "firebase-ios-sdk" */,
				2A2746392B62A08E007D5831 /* XCRemoteSwiftPackageReference "SnapKit" */,
			);
			productRefGroup = 2AB29B392A7E6C6900EC52B2 /* Products */;
			projectDirPath = "";
			projectRoot = "";
			targets = (
				2AB29B372A7E6C6900EC52B2 /* Soundify */,
			);
		};
/* End PBXProject section */

/* Begin PBXResourcesBuildPhase section */
		2AB29B362A7E6C6900EC52B2 /* Resources */ = {
			isa = PBXResourcesBuildPhase;
			buildActionMask = 2147483647;
			files = (
				2A215EA52B695A94005B9212 /* SettingsTableViewCell.xib in Resources */,
				2A27462F2B617165007D5831 /* GoogleService-Info.plist in Resources */,
				2A215E9F2B6933D3005B9212 /* GoogleService-Info-Dev.plist in Resources */,
				2AB29B482A7E6C6B00EC52B2 /* LaunchScreen.storyboard in Resources */,
				2A215EAF2B6A87B5005B9212 /* OnboardingCollectionViewCell.xib in Resources */,
				2AB29B452A7E6C6B00EC52B2 /* Assets.xcassets in Resources */,
				2AB29B432A7E6C6900EC52B2 /* Main.storyboard in Resources */,
			);
			runOnlyForDeploymentPostprocessing = 0;
		};
/* End PBXResourcesBuildPhase section */

/* Begin PBXSourcesBuildPhase section */
		2AB29B342A7E6C6900EC52B2 /* Sources */ = {
			isa = PBXSourcesBuildPhase;
			buildActionMask = 2147483647;
			files = (
				2A215EA82B695FFB005B9212 /* WebViewController.swift in Sources */,
				2A354E172A7FD2110014F173 /* AudioManager.swift in Sources */,
				2A53DB832A82C4BA004BCA79 /* DateManager.swift in Sources */,
				2A215EA42B695A94005B9212 /* SettingsTableViewCell.swift in Sources */,
				2A7BD1352B62E13D00EC72A8 /* HapticManager.swift in Sources */,
				2A215EB02B6A87B5005B9212 /* OnboardingCollectionViewCell.swift in Sources */,
				2AA101D72A7EAA9F00A88152 /* VideoToAudioViewController.swift in Sources */,
				2AB29B402A7E6C6900EC52B2 /* MainViewController.swift in Sources */,
				2A215EAA2B6A4ED9005B9212 /* OnboardingViewController.swift in Sources */,
				2A215EA12B695872005B9212 /* SettingsViewController.swift in Sources */,
				2ACCC3E02AB87A49009FAB7A /* VideoToGifViewController.swift in Sources */,
				2AB29B3C2A7E6C6900EC52B2 /* AppDelegate.swift in Sources */,
				2A7BD1332B62DBBF00EC72A8 /* ColorManager.swift in Sources */,
				2A354E142A7FC8170014F173 /* AVAsset+.swift in Sources */,
				2A354E192A8002790014F173 /* UITextField+.swift in Sources */,
				2AB29B3E2A7E6C6900EC52B2 /* SceneDelegate.swift in Sources */,
				2A7BD12E2B62C1F400EC72A8 /* UIViewController+.swift in Sources */,
				2A354E1C2A8007420014F173 /* AudioFormat.swift in Sources */,
				2A7BD1302B62DB7500EC72A8 /* LoadingIndicatorView.swift in Sources */,
				2A53DB582A8112C7004BCA79 /* UIImage+.swift in Sources */,
				2A27463D2B62B781007D5831 /* ConfigManager.swift in Sources */,
			);
			runOnlyForDeploymentPostprocessing = 0;
		};
/* End PBXSourcesBuildPhase section */

/* Begin PBXVariantGroup section */
		2AB29B412A7E6C6900EC52B2 /* Main.storyboard */ = {
			isa = PBXVariantGroup;
			children = (
				2AB29B422A7E6C6900EC52B2 /* Base */,
				2AC5E9E52B582CA400A029F3 /* en */,
			);
			name = Main.storyboard;
			sourceTree = "<group>";
		};
		2AB29B462A7E6C6B00EC52B2 /* LaunchScreen.storyboard */ = {
			isa = PBXVariantGroup;
			children = (
				2AB29B472A7E6C6B00EC52B2 /* Base */,
				2AC5E9E62B582CA400A029F3 /* en */,
			);
			name = LaunchScreen.storyboard;
			sourceTree = "<group>";
		};
/* End PBXVariantGroup section */

/* Begin XCBuildConfiguration section */
		2AB29B4A2A7E6C6B00EC52B2 /* Dev */ = {
			isa = XCBuildConfiguration;
			buildSettings = {
				ALWAYS_SEARCH_USER_PATHS = NO;
				CLANG_ANALYZER_LOCALIZABILITY_NONLOCALIZED = YES;
				CLANG_ANALYZER_NONNULL = YES;
				CLANG_ANALYZER_NUMBER_OBJECT_CONVERSION = YES_AGGRESSIVE;
				CLANG_CXX_LANGUAGE_STANDARD = "gnu++20";
				CLANG_ENABLE_MODULES = YES;
				CLANG_ENABLE_OBJC_ARC = YES;
				CLANG_ENABLE_OBJC_WEAK = YES;
				CLANG_WARN_BLOCK_CAPTURE_AUTORELEASING = YES;
				CLANG_WARN_BOOL_CONVERSION = YES;
				CLANG_WARN_COMMA = YES;
				CLANG_WARN_CONSTANT_CONVERSION = YES;
				CLANG_WARN_DEPRECATED_OBJC_IMPLEMENTATIONS = YES;
				CLANG_WARN_DIRECT_OBJC_ISA_USAGE = YES_ERROR;
				CLANG_WARN_DOCUMENTATION_COMMENTS = YES;
				CLANG_WARN_EMPTY_BODY = YES;
				CLANG_WARN_ENUM_CONVERSION = YES;
				CLANG_WARN_INFINITE_RECURSION = YES;
				CLANG_WARN_INT_CONVERSION = YES;
				CLANG_WARN_NON_LITERAL_NULL_CONVERSION = YES;
				CLANG_WARN_OBJC_IMPLICIT_RETAIN_SELF = YES;
				CLANG_WARN_OBJC_LITERAL_CONVERSION = YES;
				CLANG_WARN_OBJC_ROOT_CLASS = YES_ERROR;
				CLANG_WARN_QUOTED_INCLUDE_IN_FRAMEWORK_HEADER = YES;
				CLANG_WARN_RANGE_LOOP_ANALYSIS = YES;
				CLANG_WARN_STRICT_PROTOTYPES = YES;
				CLANG_WARN_SUSPICIOUS_MOVE = YES;
				CLANG_WARN_UNGUARDED_AVAILABILITY = YES_AGGRESSIVE;
				CLANG_WARN_UNREACHABLE_CODE = YES;
				CLANG_WARN__DUPLICATE_METHOD_MATCH = YES;
				COPY_PHASE_STRIP = NO;
				DEBUG_INFORMATION_FORMAT = dwarf;
				ENABLE_STRICT_OBJC_MSGSEND = YES;
				ENABLE_TESTABILITY = YES;
				GCC_C_LANGUAGE_STANDARD = gnu11;
				GCC_DYNAMIC_NO_PIC = NO;
				GCC_NO_COMMON_BLOCKS = YES;
				GCC_OPTIMIZATION_LEVEL = 0;
				GCC_PREPROCESSOR_DEFINITIONS = (
					"DEBUG=1",
					"$(inherited)",
				);
				GCC_WARN_64_TO_32_BIT_CONVERSION = YES;
				GCC_WARN_ABOUT_RETURN_TYPE = YES_ERROR;
				GCC_WARN_UNDECLARED_SELECTOR = YES;
				GCC_WARN_UNINITIALIZED_AUTOS = YES_AGGRESSIVE;
				GCC_WARN_UNUSED_FUNCTION = YES;
				GCC_WARN_UNUSED_VARIABLE = YES;
				IPHONEOS_DEPLOYMENT_TARGET = 16.0;
				MTL_ENABLE_DEBUG_INFO = INCLUDE_SOURCE;
				MTL_FAST_MATH = YES;
				ONLY_ACTIVE_ARCH = YES;
				SDKROOT = iphoneos;
				SWIFT_ACTIVE_COMPILATION_CONDITIONS = DEBUG;
				SWIFT_OPTIMIZATION_LEVEL = "-Onone";
			};
			name = Dev;
		};
		2AB29B4B2A7E6C6B00EC52B2 /* Production */ = {
			isa = XCBuildConfiguration;
			buildSettings = {
				ALWAYS_SEARCH_USER_PATHS = NO;
				CLANG_ANALYZER_LOCALIZABILITY_NONLOCALIZED = YES;
				CLANG_ANALYZER_NONNULL = YES;
				CLANG_ANALYZER_NUMBER_OBJECT_CONVERSION = YES_AGGRESSIVE;
				CLANG_CXX_LANGUAGE_STANDARD = "gnu++20";
				CLANG_ENABLE_MODULES = YES;
				CLANG_ENABLE_OBJC_ARC = YES;
				CLANG_ENABLE_OBJC_WEAK = YES;
				CLANG_WARN_BLOCK_CAPTURE_AUTORELEASING = YES;
				CLANG_WARN_BOOL_CONVERSION = YES;
				CLANG_WARN_COMMA = YES;
				CLANG_WARN_CONSTANT_CONVERSION = YES;
				CLANG_WARN_DEPRECATED_OBJC_IMPLEMENTATIONS = YES;
				CLANG_WARN_DIRECT_OBJC_ISA_USAGE = YES_ERROR;
				CLANG_WARN_DOCUMENTATION_COMMENTS = YES;
				CLANG_WARN_EMPTY_BODY = YES;
				CLANG_WARN_ENUM_CONVERSION = YES;
				CLANG_WARN_INFINITE_RECURSION = YES;
				CLANG_WARN_INT_CONVERSION = YES;
				CLANG_WARN_NON_LITERAL_NULL_CONVERSION = YES;
				CLANG_WARN_OBJC_IMPLICIT_RETAIN_SELF = YES;
				CLANG_WARN_OBJC_LITERAL_CONVERSION = YES;
				CLANG_WARN_OBJC_ROOT_CLASS = YES_ERROR;
				CLANG_WARN_QUOTED_INCLUDE_IN_FRAMEWORK_HEADER = YES;
				CLANG_WARN_RANGE_LOOP_ANALYSIS = YES;
				CLANG_WARN_STRICT_PROTOTYPES = YES;
				CLANG_WARN_SUSPICIOUS_MOVE = YES;
				CLANG_WARN_UNGUARDED_AVAILABILITY = YES_AGGRESSIVE;
				CLANG_WARN_UNREACHABLE_CODE = YES;
				CLANG_WARN__DUPLICATE_METHOD_MATCH = YES;
				COPY_PHASE_STRIP = NO;
				DEBUG_INFORMATION_FORMAT = "dwarf-with-dsym";
				ENABLE_NS_ASSERTIONS = NO;
				ENABLE_STRICT_OBJC_MSGSEND = YES;
				GCC_C_LANGUAGE_STANDARD = gnu11;
				GCC_NO_COMMON_BLOCKS = YES;
				GCC_WARN_64_TO_32_BIT_CONVERSION = YES;
				GCC_WARN_ABOUT_RETURN_TYPE = YES_ERROR;
				GCC_WARN_UNDECLARED_SELECTOR = YES;
				GCC_WARN_UNINITIALIZED_AUTOS = YES_AGGRESSIVE;
				GCC_WARN_UNUSED_FUNCTION = YES;
				GCC_WARN_UNUSED_VARIABLE = YES;
				IPHONEOS_DEPLOYMENT_TARGET = 16.0;
				MTL_ENABLE_DEBUG_INFO = NO;
				MTL_FAST_MATH = YES;
				SDKROOT = iphoneos;
				SWIFT_COMPILATION_MODE = wholemodule;
				SWIFT_OPTIMIZATION_LEVEL = "-O";
				VALIDATE_PRODUCT = YES;
			};
			name = Production;
		};
		2AB29B4D2A7E6C6B00EC52B2 /* Dev */ = {
			isa = XCBuildConfiguration;
			buildSettings = {
				ASSETCATALOG_COMPILER_APPICON_NAME = AppIcon;
				ASSETCATALOG_COMPILER_GLOBAL_ACCENT_COLOR_NAME = AccentColor;
				CODE_SIGN_STYLE = Automatic;
				CURRENT_PROJECT_VERSION = 1;
				DEVELOPMENT_TEAM = 39JATSZXJT;
				GENERATE_INFOPLIST_FILE = YES;
				INFOPLIST_FILE = Soundify/Info.plist;
				INFOPLIST_KEY_CFBundleDisplayName = SoundifyDev;
				INFOPLIST_KEY_NSPhotoLibraryAddUsageDescription = "App requires access to photos and videos, no data will be sent to the server.";
				INFOPLIST_KEY_UIApplicationSupportsIndirectInputEvents = YES;
				INFOPLIST_KEY_UILaunchStoryboardName = LaunchScreen;
				INFOPLIST_KEY_UIMainStoryboardFile = Main;
				INFOPLIST_KEY_UISupportedInterfaceOrientations = UIInterfaceOrientationPortrait;
				INFOPLIST_KEY_UISupportedInterfaceOrientations_iPad = "UIInterfaceOrientationLandscapeLeft UIInterfaceOrientationLandscapeRight UIInterfaceOrientationPortrait UIInterfaceOrientationPortraitUpsideDown";
				IPHONEOS_DEPLOYMENT_TARGET = 16.0;
				LD_RUNPATH_SEARCH_PATHS = (
					"$(inherited)",
					"@executable_path/Frameworks",
				);
				MARKETING_VERSION = 2.1;
				PRODUCT_BUNDLE_IDENTIFIER = com.Deok.Soundify.Dev;
				PRODUCT_NAME = "$(TARGET_NAME)";
				SUPPORTED_PLATFORMS = "iphoneos iphonesimulator";
				SUPPORTS_MACCATALYST = NO;
				SUPPORTS_MAC_DESIGNED_FOR_IPHONE_IPAD = NO;
				SUPPORTS_XR_DESIGNED_FOR_IPHONE_IPAD = NO;
				SWIFT_EMIT_LOC_STRINGS = YES;
				SWIFT_VERSION = 5.0;
				TARGETED_DEVICE_FAMILY = 1;
			};
			name = Dev;
		};
		2AB29B4E2A7E6C6B00EC52B2 /* Production */ = {
			isa = XCBuildConfiguration;
			buildSettings = {
				ASSETCATALOG_COMPILER_APPICON_NAME = AppIcon;
				ASSETCATALOG_COMPILER_GLOBAL_ACCENT_COLOR_NAME = AccentColor;
				CODE_SIGN_STYLE = Automatic;
				CURRENT_PROJECT_VERSION = 1;
				DEVELOPMENT_TEAM = 39JATSZXJT;
				GENERATE_INFOPLIST_FILE = YES;
				INFOPLIST_FILE = Soundify/Info.plist;
				INFOPLIST_KEY_CFBundleDisplayName = Soundify;
				INFOPLIST_KEY_NSPhotoLibraryAddUsageDescription = "App requires access to photos and videos, no data will be sent to the server.";
				INFOPLIST_KEY_UIApplicationSupportsIndirectInputEvents = YES;
				INFOPLIST_KEY_UILaunchStoryboardName = LaunchScreen;
				INFOPLIST_KEY_UIMainStoryboardFile = Main;
				INFOPLIST_KEY_UISupportedInterfaceOrientations = UIInterfaceOrientationPortrait;
				INFOPLIST_KEY_UISupportedInterfaceOrientations_iPad = "UIInterfaceOrientationLandscapeLeft UIInterfaceOrientationLandscapeRight UIInterfaceOrientationPortrait UIInterfaceOrientationPortraitUpsideDown";
				IPHONEOS_DEPLOYMENT_TARGET = 16.0;
				LD_RUNPATH_SEARCH_PATHS = (
					"$(inherited)",
					"@executable_path/Frameworks",
				);
				MARKETING_VERSION = 2.1;
				PRODUCT_BUNDLE_IDENTIFIER = com.Deok.Soundify;
				PRODUCT_NAME = "$(TARGET_NAME)";
				SUPPORTED_PLATFORMS = "iphoneos iphonesimulator";
				SUPPORTS_MACCATALYST = NO;
				SUPPORTS_MAC_DESIGNED_FOR_IPHONE_IPAD = NO;
				SUPPORTS_XR_DESIGNED_FOR_IPHONE_IPAD = NO;
				SWIFT_EMIT_LOC_STRINGS = YES;
				SWIFT_VERSION = 5.0;
				TARGETED_DEVICE_FAMILY = 1;
			};
			name = Production;
		};
/* End XCBuildConfiguration section */

/* Begin XCConfigurationList section */
		2AB29B332A7E6C6900EC52B2 /* Build configuration list for PBXProject "Soundify" */ = {
			isa = XCConfigurationList;
			buildConfigurations = (
				2AB29B4A2A7E6C6B00EC52B2 /* Dev */,
				2AB29B4B2A7E6C6B00EC52B2 /* Production */,
			);
			defaultConfigurationIsVisible = 0;
			defaultConfigurationName = Production;
		};
		2AB29B4C2A7E6C6B00EC52B2 /* Build configuration list for PBXNativeTarget "Soundify" */ = {
			isa = XCConfigurationList;
			buildConfigurations = (
				2AB29B4D2A7E6C6B00EC52B2 /* Dev */,
				2AB29B4E2A7E6C6B00EC52B2 /* Production */,
			);
			defaultConfigurationIsVisible = 0;
			defaultConfigurationName = Production;
		};
/* End XCConfigurationList section */

/* Begin XCRemoteSwiftPackageReference section */
		2A2746302B6171A4007D5831 /* XCRemoteSwiftPackageReference "firebase-ios-sdk" */ = {
			isa = XCRemoteSwiftPackageReference;
			repositoryURL = "https://github.com/firebase/firebase-ios-sdk";
			requirement = {
				kind = upToNextMajorVersion;
				minimumVersion = 10.20.0;
			};
		};
		2A2746392B62A08E007D5831 /* XCRemoteSwiftPackageReference "SnapKit" */ = {
			isa = XCRemoteSwiftPackageReference;
			repositoryURL = "https://github.com/SnapKit/SnapKit.git";
			requirement = {
				kind = upToNextMajorVersion;
				minimumVersion = 5.7.0;
			};
		};
		2A53DB592A829CD5004BCA79 /* XCRemoteSwiftPackageReference "AudioKit" */ = {
			isa = XCRemoteSwiftPackageReference;
			repositoryURL = "https://github.com/AudioKit/AudioKit.git";
			requirement = {
				kind = upToNextMajorVersion;
				minimumVersion = 5.0.0;
			};
		};
		2A53DB7F2A82C445004BCA79 /* XCRemoteSwiftPackageReference "SwiftDate" */ = {
			isa = XCRemoteSwiftPackageReference;
			repositoryURL = "https://github.com/malcommac/SwiftDate.git";
			requirement = {
				kind = upToNextMajorVersion;
				minimumVersion = 7.0.0;
			};
		};
		2AC5E9D62B582BF100A029F3 /* XCRemoteSwiftPackageReference "RxSwift" */ = {
			isa = XCRemoteSwiftPackageReference;
			repositoryURL = "https://github.com/ReactiveX/RxSwift.git";
			requirement = {
				kind = upToNextMajorVersion;
				minimumVersion = 6.6.0;
			};
		};
		2AC5E9DF2B582C1800A029F3 /* XCRemoteSwiftPackageReference "RxKeyboard" */ = {
			isa = XCRemoteSwiftPackageReference;
			repositoryURL = "https://github.com/RxSwiftCommunity/RxKeyboard.git";
			requirement = {
				kind = upToNextMajorVersion;
				minimumVersion = 2.0.1;
			};
		};
		2AC5E9E22B582C3100A029F3 /* XCRemoteSwiftPackageReference "RxGesture" */ = {
			isa = XCRemoteSwiftPackageReference;
			repositoryURL = "https://github.com/RxSwiftCommunity/RxGesture.git";
			requirement = {
				kind = upToNextMajorVersion;
				minimumVersion = 4.0.4;
			};
		};
/* End XCRemoteSwiftPackageReference section */

/* Begin XCSwiftPackageProductDependency section */
		2A2746312B6171A4007D5831 /* FirebaseAnalyticsWithoutAdIdSupport */ = {
			isa = XCSwiftPackageProductDependency;
			package = 2A2746302B6171A4007D5831 /* XCRemoteSwiftPackageReference "firebase-ios-sdk" */;
			productName = FirebaseAnalyticsWithoutAdIdSupport;
		};
		2A2746372B6171A5007D5831 /* FirebaseAuth */ = {
			isa = XCSwiftPackageProductDependency;
			package = 2A2746302B6171A4007D5831 /* XCRemoteSwiftPackageReference "firebase-ios-sdk" */;
			productName = FirebaseAuth;
		};
		2A27463A2B62A08E007D5831 /* SnapKit */ = {
			isa = XCSwiftPackageProductDependency;
			package = 2A2746392B62A08E007D5831 /* XCRemoteSwiftPackageReference "SnapKit" */;
			productName = SnapKit;
		};
		2A53DB5A2A829CD5004BCA79 /* AudioKit */ = {
			isa = XCSwiftPackageProductDependency;
			package = 2A53DB592A829CD5004BCA79 /* XCRemoteSwiftPackageReference "AudioKit" */;
			productName = AudioKit;
		};
		2A53DB802A82C445004BCA79 /* SwiftDate */ = {
			isa = XCSwiftPackageProductDependency;
			package = 2A53DB7F2A82C445004BCA79 /* XCRemoteSwiftPackageReference "SwiftDate" */;
			productName = SwiftDate;
		};
		2A7BD12B2B62B9B400EC72A8 /* FirebaseRemoteConfig */ = {
			isa = XCSwiftPackageProductDependency;
			package = 2A2746302B6171A4007D5831 /* XCRemoteSwiftPackageReference "firebase-ios-sdk" */;
			productName = FirebaseRemoteConfig;
		};
		2AC5E9DB2B582BF100A029F3 /* RxCocoa */ = {
			isa = XCSwiftPackageProductDependency;
			package = 2AC5E9D62B582BF100A029F3 /* XCRemoteSwiftPackageReference "RxSwift" */;
			productName = RxCocoa;
		};
		2AC5E9DD2B582BF100A029F3 /* RxSwift */ = {
			isa = XCSwiftPackageProductDependency;
			package = 2AC5E9D62B582BF100A029F3 /* XCRemoteSwiftPackageReference "RxSwift" */;
			productName = RxSwift;
		};
		2AC5E9E02B582C1800A029F3 /* RxKeyboard */ = {
			isa = XCSwiftPackageProductDependency;
			package = 2AC5E9DF2B582C1800A029F3 /* XCRemoteSwiftPackageReference "RxKeyboard" */;
			productName = RxKeyboard;
		};
		2AC5E9E32B582C3100A029F3 /* RxGesture */ = {
			isa = XCSwiftPackageProductDependency;
			package = 2AC5E9E22B582C3100A029F3 /* XCRemoteSwiftPackageReference "RxGesture" */;
			productName = RxGesture;
		};
/* End XCSwiftPackageProductDependency section */
	};
	rootObject = 2AB29B302A7E6C6900EC52B2 /* Project object */;
}
